{
  "name": "language",
  "version": "1.0.0",
  "lockfileVersion": 1,
  "requires": true,
  "dependencies": {
    "module-alias": {
      "version": "2.2.1",
      "resolved": "https://registry.npmjs.org/module-alias/-/module-alias-2.2.1.tgz",
      "integrity": "sha512-LTez0Eo+YtfUhgzhu/LqxkUzOpD+k5C0wXBLun0L1qE2BhHf6l09dqam8e7BnoMYA6mAlP0vSsGFQ8QHhGN/aQ=="
    }
  }
}
